
Microsoft Visual Studio Solution File, Format Version 12.00
# Visual Studio 14
VisualStudioVersion = 14.0.25420.1
MinimumVisualStudioVersion = 10.0.40219.1
Project("{FAE04EC0-301F-11D3-BF4B-00C04F79EFBC}") = "GraphQL.Net", "GraphQL.Net\GraphQL.Net.csproj", "{530742A1-10D8-4255-837D-43D57B00EE50}"
EndProject
Project("{F2A71F9B-5D33-465A-A702-920D77279786}") = "GraphQL.Parser", "GraphQL.Parser\GraphQL.Parser.fsproj", "{D5F65A61-8C03-46F1-86AA-7B6DA4BE25F5}"
EndProject
Project("{2150E333-8FDC-42A3-9474-1A3956D46DE8}") = "Solution Items", "Solution Items", "{201D521E-FAE4-4EC9-A5FE-EAA4C6F53CE1}"
EndProject
Project("{FAE04EC0-301F-11D3-BF4B-00C04F79EFBC}") = "Tests", "Tests\Tests.csproj", "{5D1249E3-CB58-4323-9D1B-9BB2ABEFD6E6}"
EndProject
Project("{F2A71F9B-5D33-465A-A702-920D77279786}") = "GraphQL.Parser.Test", "GraphQL.Parser.Test\GraphQL.Parser.Test.fsproj", "{75CDF08F-DBCF-4C68-B713-377776337BBF}"
EndProject
Project("{FAE04EC0-301F-11D3-BF4B-00C04F79EFBC}") = "Tests.EF", "Tests.EF\Tests.EF.csproj", "{C7F0C31C-202E-4185-9083-4D0485CEA861}"
EndProject
Global
	GlobalSection(SolutionConfigurationPlatforms) = preSolution
		Debug|Any CPU = Debug|Any CPU
		Release|Any CPU = Release|Any CPU
	EndGlobalSection
	GlobalSection(ProjectConfigurationPlatforms) = postSolution
		{530742A1-10D8-4255-837D-43D57B00EE50}.Debug|Any CPU.ActiveCfg = Debug|Any CPU
		{530742A1-10D8-4255-837D-43D57B00EE50}.Debug|Any CPU.Build.0 = Debug|Any CPU
		{530742A1-10D8-4255-837D-43D57B00EE50}.Release|Any CPU.ActiveCfg = Release|Any CPU
		{530742A1-10D8-4255-837D-43D57B00EE50}.Release|Any CPU.Build.0 = Release|Any CPU
		{D5F65A61-8C03-46F1-86AA-7B6DA4BE25F5}.Debug|Any CPU.ActiveCfg = Debug|Any CPU
		{D5F65A61-8C03-46F1-86AA-7B6DA4BE25F5}.Debug|Any CPU.Build.0 = Debug|Any CPU
		{D5F65A61-8C03-46F1-86AA-7B6DA4BE25F5}.Release|Any CPU.ActiveCfg = Release|Any CPU
		{D5F65A61-8C03-46F1-86AA-7B6DA4BE25F5}.Release|Any CPU.Build.0 = Release|Any CPU
		{5D1249E3-CB58-4323-9D1B-9BB2ABEFD6E6}.Debug|Any CPU.ActiveCfg = Debug|Any CPU
		{5D1249E3-CB58-4323-9D1B-9BB2ABEFD6E6}.Debug|Any CPU.Build.0 = Debug|Any CPU
		{5D1249E3-CB58-4323-9D1B-9BB2ABEFD6E6}.Release|Any CPU.ActiveCfg = Release|Any CPU
		{5D1249E3-CB58-4323-9D1B-9BB2ABEFD6E6}.Release|Any CPU.Build.0 = Release|Any CPU
		{75CDF08F-DBCF-4C68-B713-377776337BBF}.Debug|Any CPU.ActiveCfg = Debug|Any CPU
		{75CDF08F-DBCF-4C68-B713-377776337BBF}.Debug|Any CPU.Build.0 = Debug|Any CPU
		{75CDF08F-DBCF-4C68-B713-377776337BBF}.Release|Any CPU.ActiveCfg = Release|Any CPU
		{75CDF08F-DBCF-4C68-B713-377776337BBF}.Release|Any CPU.Build.0 = Release|Any CPU
		{C7F0C31C-202E-4185-9083-4D0485CEA861}.Debug|Any CPU.ActiveCfg = Debug|Any CPU
		{C7F0C31C-202E-4185-9083-4D0485CEA861}.Debug|Any CPU.Build.0 = Debug|Any CPU
		{C7F0C31C-202E-4185-9083-4D0485CEA861}.Release|Any CPU.ActiveCfg = Release|Any CPU
		{C7F0C31C-202E-4185-9083-4D0485CEA861}.Release|Any CPU.Build.0 = Release|Any CPU
	EndGlobalSection
	GlobalSection(SolutionProperties) = preSolution
		HideSolutionNode = FALSE
	EndGlobalSection
EndGlobal
